{
  "name": "chatbot",
  "lockfileVersion": 3,
  "requires": true,
  "packages": {
    "": {
      "dependencies": {
        "socket": "^1.1.63"
      }
    },
    "node_modules/socket": {
      "version": "1.1.63",
      "resolved": "https://registry.npmjs.org/socket/-/socket-1.1.63.tgz",
      "integrity": "sha512-IWmgIXdjEodldIWmEA5PQfqusjtufYH7S0mZt5FYo1F81UupIoVd9quRiy7rZ5xNaCaS00mr8XfT7BBv2NSfug==",
      "license": "MIT AND OFL-1.1",
      "bin": {
        "socket": "bin/cli.js",
        "socket-npm": "bin/npm-cli.js",
        "socket-npx": "bin/npx-cli.js",
        "socket-pnpm": "bin/pnpm-cli.js",
        "socket-yarn": "bin/yarn-cli.js"
      },
      "engines": {
        "node": ">=18",
        "pnpm": ">=10.16.0"
      }
    }
  }
}
